
Microsoft Visual Studio Solution File, Format Version 12.00
# Visual Studio Version 17
VisualStudioVersion = 17.4.33205.214
MinimumVisualStudioVersion = 10.0.40219.1
Project("{FAE04EC0-301F-11D3-BF4B-00C04F79EFBC}") = "RockPaperScissorsGUI", "RockPaperScissors\RockPaperScissorsGUI.csproj", "{7663AA2A-9FB9-4E46-908D-3C55F611E68A}"
EndProject
Project("{FAE04EC0-301F-11D3-BF4B-00C04F79EFBC}") = "RockPaperScissorsLibrary", "RockPaperScissorsLibrary\RockPaperScissorsLibrary.csproj", "{7EEED2D0-CD38-49B3-8378-C6C553AD5D74}"
EndProject
Global
	GlobalSection(SolutionConfigurationPlatforms) = preSolution
		Debug|Any CPU = Debug|Any CPU
		Release|Any CPU = Release|Any CPU
	EndGlobalSection
	GlobalSection(ProjectConfigurationPlatforms) = postSolution
		{7663AA2A-9FB9-4E46-908D-3C55F611E68A}.Debug|Any CPU.ActiveCfg = Debug|Any CPU
		{7663AA2A-9FB9-4E46-908D-3C55F611E68A}.Debug|Any CPU.Build.0 = Debug|Any CPU
		{7663AA2A-9FB9-4E46-908D-3C55F611E68A}.Release|Any CPU.ActiveCfg = Release|Any CPU
		{7663AA2A-9FB9-4E46-908D-3C55F611E68A}.Release|Any CPU.Build.0 = Release|Any CPU
		{7EEED2D0-CD38-49B3-8378-C6C553AD5D74}.Debug|Any CPU.ActiveCfg = Debug|Any CPU
		{7EEED2D0-CD38-49B3-8378-C6C553AD5D74}.Debug|Any CPU.Build.0 = Debug|Any CPU
		{7EEED2D0-CD38-49B3-8378-C6C553AD5D74}.Release|Any CPU.ActiveCfg = Release|Any CPU
		{7EEED2D0-CD38-49B3-8378-C6C553AD5D74}.Release|Any CPU.Build.0 = Release|Any CPU
	EndGlobalSection
	GlobalSection(SolutionProperties) = preSolution
		HideSolutionNode = FALSE
	EndGlobalSection
	GlobalSection(ExtensibilityGlobals) = postSolution
		SolutionGuid = {6CAF29A8-B809-4FFD-8FBA-51BC7F6A9B4F}
	EndGlobalSection
EndGlobal
